
Microsoft Visual Studio Solution File, Format Version 12.00
# Visual Studio 14
VisualStudioVersion = 14.0.25420.1
MinimumVisualStudioVersion = 10.0.40219.1
Project("{FAE04EC0-301F-11D3-BF4B-00C04F79EFBC}") = "GreenApron", "GreenApron\GreenApron\GreenApron.csproj", "{02CEC680-B6E8-423A-98BF-A3163FE31664}"
EndProject
Project("{FAE04EC0-301F-11D3-BF4B-00C04F79EFBC}") = "GreenApron.Droid", "GreenApron\GreenApron.Droid\GreenApron.Droid.csproj", "{E31FA177-B8E4-4887-9C3A-C1753926E703}"
EndProject
Project("{FAE04EC0-301F-11D3-BF4B-00C04F79EFBC}") = "GreenApron.iOS", "GreenApron\GreenApron.iOS\GreenApron.iOS.csproj", "{60725A2A-38D8-4F9B-9B18-8C8931B517F5}"
EndProject
Project("{2150E333-8FDC-42A3-9474-1A3956D46DE8}") = "Solution Items", "Solution Items", "{250D0812-BC60-45CD-A29B-F9DC75290772}"
	ProjectSection(SolutionItems) = preProject
		global.json = global.json
	EndProjectSection
EndProject
Project("{FAE04EC0-301F-11D3-BF4B-00C04F79EFBC}") = "Tests.GreenApronPCL", "Tests.GreenApronPCL\Tests.GreenApronPCL.csproj", "{2C19A907-6090-4EE0-A917-44033EC552C1}"
EndProject
Project("{8BB2217D-0F2D-49D1-97BC-3654ED321F3B}") = "WebAPI", "GreenApron\WebAPI\WebAPI.xproj", "{0D57E8B5-0E86-495D-877E-521D4DC5BFBF}"
EndProject
Project("{8BB2217D-0F2D-49D1-97BC-3654ED321F3B}") = "Tests.WebAPI", "Tests.WebAPI\Tests.WebAPI.xproj", "{610069F5-24F5-43BE-9E1F-59345C1A3565}"
EndProject
Global
	GlobalSection(SolutionConfigurationPlatforms) = preSolution
		Ad-Hoc|Any CPU = Ad-Hoc|Any CPU
		Ad-Hoc|iPhone = Ad-Hoc|iPhone
		Ad-Hoc|iPhoneSimulator = Ad-Hoc|iPhoneSimulator
		AppStore|Any CPU = AppStore|Any CPU
		AppStore|iPhone = AppStore|iPhone
		AppStore|iPhoneSimulator = AppStore|iPhoneSimulator
		Debug|Any CPU = Debug|Any CPU
		Debug|iPhone = Debug|iPhone
		Debug|iPhoneSimulator = Debug|iPhoneSimulator
		Default Android|Any CPU = Default Android|Any CPU
		Default Android|iPhone = Default Android|iPhone
		Default Android|iPhoneSimulator = Default Android|iPhoneSimulator
		Release|Any CPU = Release|Any CPU
		Release|iPhone = Release|iPhone
		Release|iPhoneSimulator = Release|iPhoneSimulator
	EndGlobalSection
	GlobalSection(ProjectConfigurationPlatforms) = postSolution
		{02CEC680-B6E8-423A-98BF-A3163FE31664}.Ad-Hoc|Any CPU.ActiveCfg = Release|Any CPU
		{02CEC680-B6E8-423A-98BF-A3163FE31664}.Ad-Hoc|Any CPU.Build.0 = Release|Any CPU
		{02CEC680-B6E8-423A-98BF-A3163FE31664}.Ad-Hoc|iPhone.ActiveCfg = Release|Any CPU
		{02CEC680-B6E8-423A-98BF-A3163FE31664}.Ad-Hoc|iPhone.Build.0 = Release|Any CPU
		{02CEC680-B6E8-423A-98BF-A3163FE31664}.Ad-Hoc|iPhoneSimulator.ActiveCfg = Release|Any CPU
		{02CEC680-B6E8-423A-98BF-A3163FE31664}.Ad-Hoc|iPhoneSimulator.Build.0 = Release|Any CPU
		{02CEC680-B6E8-423A-98BF-A3163FE31664}.AppStore|Any CPU.ActiveCfg = Release|Any CPU
		{02CEC680-B6E8-423A-98BF-A3163FE31664}.AppStore|Any CPU.Build.0 = Release|Any CPU
		{02CEC680-B6E8-423A-98BF-A3163FE31664}.AppStore|iPhone.ActiveCfg = Release|Any CPU
		{02CEC680-B6E8-423A-98BF-A3163FE31664}.AppStore|iPhone.Build.0 = Release|Any CPU
		{02CEC680-B6E8-423A-98BF-A3163FE31664}.AppStore|iPhoneSimulator.ActiveCfg = Release|Any CPU
		{02CEC680-B6E8-423A-98BF-A3163FE31664}.AppStore|iPhoneSimulator.Build.0 = Release|Any CPU
		{02CEC680-B6E8-423A-98BF-A3163FE31664}.Debug|Any CPU.ActiveCfg = Debug|Any CPU
		{02CEC680-B6E8-423A-98BF-A3163FE31664}.Debug|Any CPU.Build.0 = Debug|Any CPU
		{02CEC680-B6E8-423A-98BF-A3163FE31664}.Debug|iPhone.ActiveCfg = Debug|Any CPU
		{02CEC680-B6E8-423A-98BF-A3163FE31664}.Debug|iPhone.Build.0 = Debug|Any CPU
		{02CEC680-B6E8-423A-98BF-A3163FE31664}.Debug|iPhoneSimulator.ActiveCfg = Debug|Any CPU
		{02CEC680-B6E8-423A-98BF-A3163FE31664}.Debug|iPhoneSimulator.Build.0 = Debug|Any CPU
		{02CEC680-B6E8-423A-98BF-A3163FE31664}.Default Android|Any CPU.ActiveCfg = Default Android|Any CPU
		{02CEC680-B6E8-423A-98BF-A3163FE31664}.Default Android|Any CPU.Build.0 = Default Android|Any CPU
		{02CEC680-B6E8-423A-98BF-A3163FE31664}.Default Android|iPhone.ActiveCfg = Default Android|Any CPU
		{02CEC680-B6E8-423A-98BF-A3163FE31664}.Default Android|iPhone.Build.0 = Default Android|Any CPU
		{02CEC680-B6E8-423A-98BF-A3163FE31664}.Default Android|iPhoneSimulator.ActiveCfg = Default Android|Any CPU
		{02CEC680-B6E8-423A-98BF-A3163FE31664}.Default Android|iPhoneSimulator.Build.0 = Default Android|Any CPU
		{02CEC680-B6E8-423A-98BF-A3163FE31664}.Release|Any CPU.ActiveCfg = Release|Any CPU
		{02CEC680-B6E8-423A-98BF-A3163FE31664}.Release|Any CPU.Build.0 = Release|Any CPU
		{02CEC680-B6E8-423A-98BF-A3163FE31664}.Release|iPhone.ActiveCfg = Release|Any CPU
		{02CEC680-B6E8-423A-98BF-A3163FE31664}.Release|iPhone.Build.0 = Release|Any CPU
		{02CEC680-B6E8-423A-98BF-A3163FE31664}.Release|iPhoneSimulator.ActiveCfg = Release|Any CPU
		{02CEC680-B6E8-423A-98BF-A3163FE31664}.Release|iPhoneSimulator.Build.0 = Release|Any CPU
		{E31FA177-B8E4-4887-9C3A-C1753926E703}.Ad-Hoc|Any CPU.ActiveCfg = Release|Any CPU
		{E31FA177-B8E4-4887-9C3A-C1753926E703}.Ad-Hoc|Any CPU.Build.0 = Release|Any CPU
		{E31FA177-B8E4-4887-9C3A-C1753926E703}.Ad-Hoc|Any CPU.Deploy.0 = Release|Any CPU
		{E31FA177-B8E4-4887-9C3A-C1753926E703}.Ad-Hoc|iPhone.ActiveCfg = Release|Any CPU
		{E31FA177-B8E4-4887-9C3A-C1753926E703}.Ad-Hoc|iPhone.Build.0 = Release|Any CPU
		{E31FA177-B8E4-4887-9C3A-C1753926E703}.Ad-Hoc|iPhone.Deploy.0 = Release|Any CPU
		{E31FA177-B8E4-4887-9C3A-C1753926E703}.Ad-Hoc|iPhoneSimulator.ActiveCfg = Release|Any CPU
		{E31FA177-B8E4-4887-9C3A-C1753926E703}.Ad-Hoc|iPhoneSimulator.Build.0 = Release|Any CPU
		{E31FA177-B8E4-4887-9C3A-C1753926E703}.Ad-Hoc|iPhoneSimulator.Deploy.0 = Release|Any CPU
		{E31FA177-B8E4-4887-9C3A-C1753926E703}.AppStore|Any CPU.ActiveCfg = Release|Any CPU
		{E31FA177-B8E4-4887-9C3A-C1753926E703}.AppStore|Any CPU.Build.0 = Release|Any CPU
		{E31FA177-B8E4-4887-9C3A-C1753926E703}.AppStore|Any CPU.Deploy.0 = Release|Any CPU
		{E31FA177-B8E4-4887-9C3A-C1753926E703}.AppStore|iPhone.ActiveCfg = Release|Any CPU
		{E31FA177-B8E4-4887-9C3A-C1753926E703}.AppStore|iPhone.Build.0 = Release|Any CPU
		{E31FA177-B8E4-4887-9C3A-C1753926E703}.AppStore|iPhone.Deploy.0 = Release|Any CPU
		{E31FA177-B8E4-4887-9C3A-C1753926E703}.AppStore|iPhoneSimulator.ActiveCfg = Release|Any CPU
		{E31FA177-B8E4-4887-9C3A-C1753926E703}.AppStore|iPhoneSimulator.Build.0 = Release|Any CPU
		{E31FA177-B8E4-4887-9C3A-C1753926E703}.AppStore|iPhoneSimulator.Deploy.0 = Release|Any CPU
		{E31FA177-B8E4-4887-9C3A-C1753926E703}.Debug|Any CPU.ActiveCfg = Debug|Any CPU
		{E31FA177-B8E4-4887-9C3A-C1753926E703}.Debug|Any CPU.Build.0 = Debug|Any CPU
		{E31FA177-B8E4-4887-9C3A-C1753926E703}.Debug|Any CPU.Deploy.0 = Debug|Any CPU
		{E31FA177-B8E4-4887-9C3A-C1753926E703}.Debug|iPhone.ActiveCfg = Debug|Any CPU
		{E31FA177-B8E4-4887-9C3A-C1753926E703}.Debug|iPhone.Build.0 = Debug|Any CPU
		{E31FA177-B8E4-4887-9C3A-C1753926E703}.Debug|iPhone.Deploy.0 = Debug|Any CPU
		{E31FA177-B8E4-4887-9C3A-C1753926E703}.Debug|iPhoneSimulator.ActiveCfg = Debug|Any CPU
		{E31FA177-B8E4-4887-9C3A-C1753926E703}.Debug|iPhoneSimulator.Build.0 = Debug|Any CPU
		{E31FA177-B8E4-4887-9C3A-C1753926E703}.Debug|iPhoneSimulator.Deploy.0 = Debug|Any CPU
		{E31FA177-B8E4-4887-9C3A-C1753926E703}.Default Android|Any CPU.ActiveCfg = Default Android|Any CPU
		{E31FA177-B8E4-4887-9C3A-C1753926E703}.Default Android|Any CPU.Build.0 = Default Android|Any CPU
		{E31FA177-B8E4-4887-9C3A-C1753926E703}.Default Android|Any CPU.Deploy.0 = Default Android|Any CPU
		{E31FA177-B8E4-4887-9C3A-C1753926E703}.Default Android|iPhone.ActiveCfg = Default Android|Any CPU
		{E31FA177-B8E4-4887-9C3A-C1753926E703}.Default Android|iPhone.Build.0 = Default Android|Any CPU
		{E31FA177-B8E4-4887-9C3A-C1753926E703}.Default Android|iPhone.Deploy.0 = Default Android|Any CPU
		{E31FA177-B8E4-4887-9C3A-C1753926E703}.Default Android|iPhoneSimulator.ActiveCfg = Default Android|Any CPU
		{E31FA177-B8E4-4887-9C3A-C1753926E703}.Default Android|iPhoneSimulator.Build.0 = Default Android|Any CPU
		{E31FA177-B8E4-4887-9C3A-C1753926E703}.Default Android|iPhoneSimulator.Deploy.0 = Default Android|Any CPU
		{E31FA177-B8E4-4887-9C3A-C1753926E703}.Release|Any CPU.ActiveCfg = Release|Any CPU
		{E31FA177-B8E4-4887-9C3A-C1753926E703}.Release|Any CPU.Build.0 = Release|Any CPU
		{E31FA177-B8E4-4887-9C3A-C1753926E703}.Release|Any CPU.Deploy.0 = Release|Any CPU
		{E31FA177-B8E4-4887-9C3A-C1753926E703}.Release|iPhone.ActiveCfg = Release|Any CPU
		{E31FA177-B8E4-4887-9C3A-C1753926E703}.Release|iPhone.Build.0 = Release|Any CPU
		{E31FA177-B8E4-4887-9C3A-C1753926E703}.Release|iPhone.Deploy.0 = Release|Any CPU
		{E31FA177-B8E4-4887-9C3A-C1753926E703}.Release|iPhoneSimulator.ActiveCfg = Release|Any CPU
		{E31FA177-B8E4-4887-9C3A-C1753926E703}.Release|iPhoneSimulator.Build.0 = Release|Any CPU
		{E31FA177-B8E4-4887-9C3A-C1753926E703}.Release|iPhoneSimulator.Deploy.0 = Release|Any CPU
		{60725A2A-38D8-4F9B-9B18-8C8931B517F5}.Ad-Hoc|Any CPU.ActiveCfg = Ad-Hoc|iPhone
		{60725A2A-38D8-4F9B-9B18-8C8931B517F5}.Ad-Hoc|iPhone.ActiveCfg = Ad-Hoc|iPhone
		{60725A2A-38D8-4F9B-9B18-8C8931B517F5}.Ad-Hoc|iPhone.Build.0 = Ad-Hoc|iPhone
		{60725A2A-38D8-4F9B-9B18-8C8931B517F5}.Ad-Hoc|iPhoneSimulator.ActiveCfg = Ad-Hoc|iPhoneSimulator
		{60725A2A-38D8-4F9B-9B18-8C8931B517F5}.Ad-Hoc|iPhoneSimulator.Build.0 = Ad-Hoc|iPhoneSimulator
		{60725A2A-38D8-4F9B-9B18-8C8931B517F5}.AppStore|Any CPU.ActiveCfg = AppStore|iPhone
		{60725A2A-38D8-4F9B-9B18-8C8931B517F5}.AppStore|iPhone.ActiveCfg = AppStore|iPhone
		{60725A2A-38D8-4F9B-9B18-8C8931B517F5}.AppStore|iPhone.Build.0 = AppStore|iPhone
		{60725A2A-38D8-4F9B-9B18-8C8931B517F5}.AppStore|iPhoneSimulator.ActiveCfg = AppStore|iPhoneSimulator
		{60725A2A-38D8-4F9B-9B18-8C8931B517F5}.AppStore|iPhoneSimulator.Build.0 = AppStore|iPhoneSimulator
		{60725A2A-38D8-4F9B-9B18-8C8931B517F5}.Debug|Any CPU.ActiveCfg = Debug|iPhone
		{60725A2A-38D8-4F9B-9B18-8C8931B517F5}.Debug|iPhone.ActiveCfg = Debug|iPhone
		{60725A2A-38D8-4F9B-9B18-8C8931B517F5}.Debug|iPhone.Build.0 = Debug|iPhone
		{60725A2A-38D8-4F9B-9B18-8C8931B517F5}.Debug|iPhoneSimulator.ActiveCfg = Debug|iPhoneSimulator
		{60725A2A-38D8-4F9B-9B18-8C8931B517F5}.Debug|iPhoneSimulator.Build.0 = Debug|iPhoneSimulator
		{60725A2A-38D8-4F9B-9B18-8C8931B517F5}.Default Android|Any CPU.ActiveCfg = Default Android|iPhone
		{60725A2A-38D8-4F9B-9B18-8C8931B517F5}.Default Android|iPhone.ActiveCfg = Default Android|iPhone
		{60725A2A-38D8-4F9B-9B18-8C8931B517F5}.Default Android|iPhone.Build.0 = Default Android|iPhone
		{60725A2A-38D8-4F9B-9B18-8C8931B517F5}.Default Android|iPhoneSimulator.ActiveCfg = Default Android|iPhoneSimulator
		{60725A2A-38D8-4F9B-9B18-8C8931B517F5}.Default Android|iPhoneSimulator.Build.0 = Default Android|iPhoneSimulator
		{60725A2A-38D8-4F9B-9B18-8C8931B517F5}.Release|Any CPU.ActiveCfg = Release|iPhone
		{60725A2A-38D8-4F9B-9B18-8C8931B517F5}.Release|iPhone.ActiveCfg = Release|iPhone
		{60725A2A-38D8-4F9B-9B18-8C8931B517F5}.Release|iPhone.Build.0 = Release|iPhone
		{60725A2A-38D8-4F9B-9B18-8C8931B517F5}.Release|iPhoneSimulator.ActiveCfg = Release|iPhoneSimulator
		{60725A2A-38D8-4F9B-9B18-8C8931B517F5}.Release|iPhoneSimulator.Build.0 = Release|iPhoneSimulator
		{2C19A907-6090-4EE0-A917-44033EC552C1}.Ad-Hoc|Any CPU.ActiveCfg = Release|Any CPU
		{2C19A907-6090-4EE0-A917-44033EC552C1}.Ad-Hoc|Any CPU.Build.0 = Release|Any CPU
		{2C19A907-6090-4EE0-A917-44033EC552C1}.Ad-Hoc|iPhone.ActiveCfg = Release|Any CPU
		{2C19A907-6090-4EE0-A917-44033EC552C1}.Ad-Hoc|iPhone.Build.0 = Release|Any CPU
		{2C19A907-6090-4EE0-A917-44033EC552C1}.Ad-Hoc|iPhoneSimulator.ActiveCfg = Release|Any CPU
		{2C19A907-6090-4EE0-A917-44033EC552C1}.Ad-Hoc|iPhoneSimulator.Build.0 = Release|Any CPU
		{2C19A907-6090-4EE0-A917-44033EC552C1}.AppStore|Any CPU.ActiveCfg = Release|Any CPU
		{2C19A907-6090-4EE0-A917-44033EC552C1}.AppStore|Any CPU.Build.0 = Release|Any CPU
		{2C19A907-6090-4EE0-A917-44033EC552C1}.AppStore|iPhone.ActiveCfg = Release|Any CPU
		{2C19A907-6090-4EE0-A917-44033EC552C1}.AppStore|iPhone.Build.0 = Release|Any CPU
		{2C19A907-6090-4EE0-A917-44033EC552C1}.AppStore|iPhoneSimulator.ActiveCfg = Release|Any CPU
		{2C19A907-6090-4EE0-A917-44033EC552C1}.AppStore|iPhoneSimulator.Build.0 = Release|Any CPU
		{2C19A907-6090-4EE0-A917-44033EC552C1}.Debug|Any CPU.ActiveCfg = Debug|Any CPU
		{2C19A907-6090-4EE0-A917-44033EC552C1}.Debug|Any CPU.Build.0 = Debug|Any CPU
		{2C19A907-6090-4EE0-A917-44033EC552C1}.Debug|iPhone.ActiveCfg = Debug|Any CPU
		{2C19A907-6090-4EE0-A917-44033EC552C1}.Debug|iPhone.Build.0 = Debug|Any CPU
		{2C19A907-6090-4EE0-A917-44033EC552C1}.Debug|iPhoneSimulator.ActiveCfg = Debug|Any CPU
		{2C19A907-6090-4EE0-A917-44033EC552C1}.Debug|iPhoneSimulator.Build.0 = Debug|Any CPU
		{2C19A907-6090-4EE0-A917-44033EC552C1}.Default Android|Any CPU.ActiveCfg = Default Android|Any CPU
		{2C19A907-6090-4EE0-A917-44033EC552C1}.Default Android|Any CPU.Build.0 = Default Android|Any CPU
		{2C19A907-6090-4EE0-A917-44033EC552C1}.Default Android|iPhone.ActiveCfg = Default Android|Any CPU
		{2C19A907-6090-4EE0-A917-44033EC552C1}.Default Android|iPhone.Build.0 = Default Android|Any CPU
		{2C19A907-6090-4EE0-A917-44033EC552C1}.Default Android|iPhoneSimulator.ActiveCfg = Default Android|Any CPU
		{2C19A907-6090-4EE0-A917-44033EC552C1}.Default Android|iPhoneSimulator.Build.0 = Default Android|Any CPU
		{2C19A907-6090-4EE0-A917-44033EC552C1}.Release|Any CPU.ActiveCfg = Release|Any CPU
		{2C19A907-6090-4EE0-A917-44033EC552C1}.Release|Any CPU.Build.0 = Release|Any CPU
		{2C19A907-6090-4EE0-A917-44033EC552C1}.Release|iPhone.ActiveCfg = Release|Any CPU
		{2C19A907-6090-4EE0-A917-44033EC552C1}.Release|iPhone.Build.0 = Release|Any CPU
		{2C19A907-6090-4EE0-A917-44033EC552C1}.Release|iPhoneSimulator.ActiveCfg = Release|Any CPU
		{2C19A907-6090-4EE0-A917-44033EC552C1}.Release|iPhoneSimulator.Build.0 = Release|Any CPU
		{0D57E8B5-0E86-495D-877E-521D4DC5BFBF}.Ad-Hoc|Any CPU.ActiveCfg = Debug|Any CPU
		{0D57E8B5-0E86-495D-877E-521D4DC5BFBF}.Ad-Hoc|Any CPU.Build.0 = Debug|Any CPU
		{0D57E8B5-0E86-495D-877E-521D4DC5BFBF}.Ad-Hoc|iPhone.ActiveCfg = Debug|Any CPU
		{0D57E8B5-0E86-495D-877E-521D4DC5BFBF}.Ad-Hoc|iPhone.Build.0 = Debug|Any CPU
		{0D57E8B5-0E86-495D-877E-521D4DC5BFBF}.Ad-Hoc|iPhoneSimulator.ActiveCfg = Debug|Any CPU
		{0D57E8B5-0E86-495D-877E-521D4DC5BFBF}.Ad-Hoc|iPhoneSimulator.Build.0 = Debug|Any CPU
		{0D57E8B5-0E86-495D-877E-521D4DC5BFBF}.AppStore|Any CPU.ActiveCfg = Debug|Any CPU
		{0D57E8B5-0E86-495D-877E-521D4DC5BFBF}.AppStore|Any CPU.Build.0 = Debug|Any CPU
		{0D57E8B5-0E86-495D-877E-521D4DC5BFBF}.AppStore|iPhone.ActiveCfg = Debug|Any CPU
		{0D57E8B5-0E86-495D-877E-521D4DC5BFBF}.AppStore|iPhone.Build.0 = Debug|Any CPU
		{0D57E8B5-0E86-495D-877E-521D4DC5BFBF}.AppStore|iPhoneSimulator.ActiveCfg = Debug|Any CPU
		{0D57E8B5-0E86-495D-877E-521D4DC5BFBF}.AppStore|iPhoneSimulator.Build.0 = Debug|Any CPU
		{0D57E8B5-0E86-495D-877E-521D4DC5BFBF}.Debug|Any CPU.ActiveCfg = Debug|Any CPU
		{0D57E8B5-0E86-495D-877E-521D4DC5BFBF}.Debug|Any CPU.Build.0 = Debug|Any CPU
		{0D57E8B5-0E86-495D-877E-521D4DC5BFBF}.Debug|iPhone.ActiveCfg = Debug|Any CPU
		{0D57E8B5-0E86-495D-877E-521D4DC5BFBF}.Debug|iPhone.Build.0 = Debug|Any CPU
		{0D57E8B5-0E86-495D-877E-521D4DC5BFBF}.Debug|iPhoneSimulator.ActiveCfg = Debug|Any CPU
		{0D57E8B5-0E86-495D-877E-521D4DC5BFBF}.Debug|iPhoneSimulator.Build.0 = Debug|Any CPU
		{0D57E8B5-0E86-495D-877E-521D4DC5BFBF}.Default Android|Any CPU.ActiveCfg = Debug|Any CPU
		{0D57E8B5-0E86-495D-877E-521D4DC5BFBF}.Default Android|Any CPU.Build.0 = Debug|Any CPU
		{0D57E8B5-0E86-495D-877E-521D4DC5BFBF}.Default Android|iPhone.ActiveCfg = Debug|Any CPU
		{0D57E8B5-0E86-495D-877E-521D4DC5BFBF}.Default Android|iPhone.Build.0 = Debug|Any CPU
		{0D57E8B5-0E86-495D-877E-521D4DC5BFBF}.Default Android|iPhoneSimulator.ActiveCfg = Debug|Any CPU
		{0D57E8B5-0E86-495D-877E-521D4DC5BFBF}.Default Android|iPhoneSimulator.Build.0 = Debug|Any CPU
		{0D57E8B5-0E86-495D-877E-521D4DC5BFBF}.Release|Any CPU.ActiveCfg = Release|Any CPU
		{0D57E8B5-0E86-495D-877E-521D4DC5BFBF}.Release|Any CPU.Build.0 = Release|Any CPU
		{0D57E8B5-0E86-495D-877E-521D4DC5BFBF}.Release|iPhone.ActiveCfg = Release|Any CPU
		{0D57E8B5-0E86-495D-877E-521D4DC5BFBF}.Release|iPhone.Build.0 = Release|Any CPU
		{0D57E8B5-0E86-495D-877E-521D4DC5BFBF}.Release|iPhoneSimulator.ActiveCfg = Release|Any CPU
		{0D57E8B5-0E86-495D-877E-521D4DC5BFBF}.Release|iPhoneSimulator.Build.0 = Release|Any CPU
		{610069F5-24F5-43BE-9E1F-59345C1A3565}.Ad-Hoc|Any CPU.ActiveCfg = Debug|Any CPU
		{610069F5-24F5-43BE-9E1F-59345C1A3565}.Ad-Hoc|Any CPU.Build.0 = Debug|Any CPU
		{610069F5-24F5-43BE-9E1F-59345C1A3565}.Ad-Hoc|iPhone.ActiveCfg = Debug|Any CPU
		{610069F5-24F5-43BE-9E1F-59345C1A3565}.Ad-Hoc|iPhone.Build.0 = Debug|Any CPU
		{610069F5-24F5-43BE-9E1F-59345C1A3565}.Ad-Hoc|iPhoneSimulator.ActiveCfg = Debug|Any CPU
		{610069F5-24F5-43BE-9E1F-59345C1A3565}.Ad-Hoc|iPhoneSimulator.Build.0 = Debug|Any CPU
		{610069F5-24F5-43BE-9E1F-59345C1A3565}.AppStore|Any CPU.ActiveCfg = Debug|Any CPU
		{610069F5-24F5-43BE-9E1F-59345C1A3565}.AppStore|Any CPU.Build.0 = Debug|Any CPU
		{610069F5-24F5-43BE-9E1F-59345C1A3565}.AppStore|iPhone.ActiveCfg = Debug|Any CPU
		{610069F5-24F5-43BE-9E1F-59345C1A3565}.AppStore|iPhone.Build.0 = Debug|Any CPU
		{610069F5-24F5-43BE-9E1F-59345C1A3565}.AppStore|iPhoneSimulator.ActiveCfg = Debug|Any CPU
		{610069F5-24F5-43BE-9E1F-59345C1A3565}.AppStore|iPhoneSimulator.Build.0 = Debug|Any CPU
		{610069F5-24F5-43BE-9E1F-59345C1A3565}.Debug|Any CPU.ActiveCfg = Debug|Any CPU
		{610069F5-24F5-43BE-9E1F-59345C1A3565}.Debug|Any CPU.Build.0 = Debug|Any CPU
		{610069F5-24F5-43BE-9E1F-59345C1A3565}.Debug|iPhone.ActiveCfg = Debug|Any CPU
		{610069F5-24F5-43BE-9E1F-59345C1A3565}.Debug|iPhone.Build.0 = Debug|Any CPU
		{610069F5-24F5-43BE-9E1F-59345C1A3565}.Debug|iPhoneSimulator.ActiveCfg = Debug|Any CPU
		{610069F5-24F5-43BE-9E1F-59345C1A3565}.Debug|iPhoneSimulator.Build.0 = Debug|Any CPU
		{610069F5-24F5-43BE-9E1F-59345C1A3565}.Default Android|Any CPU.ActiveCfg = Debug|Any CPU
		{610069F5-24F5-43BE-9E1F-59345C1A3565}.Default Android|Any CPU.Build.0 = Debug|Any CPU
		{610069F5-24F5-43BE-9E1F-59345C1A3565}.Default Android|iPhone.ActiveCfg = Debug|Any CPU
		{610069F5-24F5-43BE-9E1F-59345C1A3565}.Default Android|iPhone.Build.0 = Debug|Any CPU
		{610069F5-24F5-43BE-9E1F-59345C1A3565}.Default Android|iPhoneSimulator.ActiveCfg = Debug|Any CPU
		{610069F5-24F5-43BE-9E1F-59345C1A3565}.Default Android|iPhoneSimulator.Build.0 = Debug|Any CPU
		{610069F5-24F5-43BE-9E1F-59345C1A3565}.Release|Any CPU.ActiveCfg = Release|Any CPU
		{610069F5-24F5-43BE-9E1F-59345C1A3565}.Release|Any CPU.Build.0 = Release|Any CPU
		{610069F5-24F5-43BE-9E1F-59345C1A3565}.Release|iPhone.ActiveCfg = Release|Any CPU
		{610069F5-24F5-43BE-9E1F-59345C1A3565}.Release|iPhone.Build.0 = Release|Any CPU
		{610069F5-24F5-43BE-9E1F-59345C1A3565}.Release|iPhoneSimulator.ActiveCfg = Release|Any CPU
		{610069F5-24F5-43BE-9E1F-59345C1A3565}.Release|iPhoneSimulator.Build.0 = Release|Any CPU
	EndGlobalSection
	GlobalSection(SolutionProperties) = preSolution
		HideSolutionNode = FALSE
	EndGlobalSection
EndGlobal
